# THIS IS AN AUTOGENERATED FILE. DO NOT EDIT THIS FILE DIRECTLY.
# yarn lockfile v1


buffers@^0.1.1:
  version "0.1.1"
  resolved "https://registry.yarnpkg.com/buffers/-/buffers-0.1.1.tgz#b24579c3bed4d6d396aeee6d9a8ae7f5482ab7bb"
  integrity sha1-skV5w77U1tOWru5tmorn9Ugqt7s=

node-osascript@^2.1.0:
  version "2.1.0"
  resolved "https://registry.yarnpkg.com/node-osascript/-/node-osascript-2.1.0.tgz#217db348db32d4d045e5bc1a3b3ac25545734a68"
  integrity sha512-rW2vA0OGDGtoB+Ek6tKA7OYsBVzPZucHHssPsCbjOHJEcMLbHCDo+9UjgNX1tUIaSfMUtDLtEqY7JdIIINCkXQ==
  dependencies:
    buffers "^0.1.1"
